
Microsoft Visual Studio Solution File, Format Version 12.00
# Visual Studio Version 17
VisualStudioVersion = 17.14.36511.14
MinimumVisualStudioVersion = 10.0.40219.1
Project("{FAE04EC0-301F-11D3-BF4B-00C04F79EFBC}") = "Scopist", "Scopist\Scopist.csproj", "{3B3E070D-C604-44CA-878E-22340A9E932A}"
EndProject
Project("{FAE04EC0-301F-11D3-BF4B-00C04F79EFBC}") = "Scopist.Tests", "Scopist.Tests\Scopist.Tests.csproj", "{08BE0A3B-52E6-BC7C-22D2-A1FD507D087A}"
EndProject
Project("{2150E333-8FDC-42A3-9474-1A3956D46DE8}") = "github", "github", "{02EA681E-C7D8-13C7-8484-4AC65E1B71E8}"
EndProject
Project("{2150E333-8FDC-42A3-9474-1A3956D46DE8}") = "workflows", "workflows", "{0A6981DF-DBE5-45C7-A63D-4073BC7FE9A4}"
	ProjectSection(SolutionItems) = preProject
		.github\workflows\buildandtest.yml = .github\workflows\buildandtest.yml
		.github\workflows\publishnuget.yml = .github\workflows\publishnuget.yml
	EndProjectSection
EndProject
Global
	GlobalSection(SolutionConfigurationPlatforms) = preSolution
		Debug|Any CPU = Debug|Any CPU
		Release|Any CPU = Release|Any CPU
	EndGlobalSection
	GlobalSection(ProjectConfigurationPlatforms) = postSolution
		{3B3E070D-C604-44CA-878E-22340A9E932A}.Debug|Any CPU.ActiveCfg = Debug|Any CPU
		{3B3E070D-C604-44CA-878E-22340A9E932A}.Debug|Any CPU.Build.0 = Debug|Any CPU
		{3B3E070D-C604-44CA-878E-22340A9E932A}.Release|Any CPU.ActiveCfg = Release|Any CPU
		{3B3E070D-C604-44CA-878E-22340A9E932A}.Release|Any CPU.Build.0 = Release|Any CPU
		{08BE0A3B-52E6-BC7C-22D2-A1FD507D087A}.Debug|Any CPU.ActiveCfg = Debug|Any CPU
		{08BE0A3B-52E6-BC7C-22D2-A1FD507D087A}.Debug|Any CPU.Build.0 = Debug|Any CPU
		{08BE0A3B-52E6-BC7C-22D2-A1FD507D087A}.Release|Any CPU.ActiveCfg = Release|Any CPU
		{08BE0A3B-52E6-BC7C-22D2-A1FD507D087A}.Release|Any CPU.Build.0 = Release|Any CPU
	EndGlobalSection
	GlobalSection(SolutionProperties) = preSolution
		HideSolutionNode = FALSE
	EndGlobalSection
	GlobalSection(NestedProjects) = preSolution
		{0A6981DF-DBE5-45C7-A63D-4073BC7FE9A4} = {02EA681E-C7D8-13C7-8484-4AC65E1B71E8}
	EndGlobalSection
	GlobalSection(ExtensibilityGlobals) = postSolution
		SolutionGuid = {C0637277-1E82-4009-954E-8F0D7D473C32}
	EndGlobalSection
EndGlobal
